// !$*UTF8*$!
{
	archiveVersion = 1;
	classes = {
	};
	objectVersion = 50;
	objects = {

/* Begin PBXBuildFile section */
		AE40056320A4270F00017619 /* AppDelegate.m in Sources */ = {isa = PBXBuildFile; fileRef = AE40056220A4270F00017619 /* AppDelegate.m */; };
		AE40056620A4270F00017619 /* ViewController.m in Sources */ = {isa = PBXBuildFile; fileRef = AE40056520A4270F00017619 /* ViewController.m */; };
		AE40056920A4270F00017619 /* Main.storyboard in Resources */ = {isa = PBXBuildFile; fileRef = AE40056720A4270F00017619 /* Main.storyboard */; };
		AE40056B20A4270F00017619 /* Assets.xcassets in Resources */ = {isa = PBXBuildFile; fileRef = AE40056A20A4270F00017619 /* Assets.xcassets */; };
		AE40056E20A4270F00017619 /* LaunchScreen.storyboard in Resources */ = {isa = PBXBuildFile; fileRef = AE40056C20A4270F00017619 /* LaunchScreen.storyboard */; };
		AE40057120A4270F00017619 /* main.m in Sources */ = {isa = PBXBuildFile; fileRef = AE40057020A4270F00017619 /* main.m */; };
		AE40057C20A4277800017619 /* ImageViewController.m in Sources */ = {isa = PBXBuildFile; fileRef = AE40057A20A4277800017619 /* ImageViewController.m */; };
		AE40057E20A4278500017619 /* icon40.png in Resources */ = {isa = PBXBuildFile; fileRef = AE40057D20A4278500017619 /* icon40.png */; };
		AEF94D922176E4B30063EE69 /* KZ_QRCode_iOS.framework in Frameworks */ = {isa = PBXBuildFile; fileRef = AEF94D912176E4B30063EE69 /* KZ_QRCode_iOS.framework */; };
/* End PBXBuildFile section */

/* Begin PBXFileReference section */
		AE40055F20A4270E00017619 /* KZ_QRCode_iOS.app */ = {isa = PBXFileReference; explicitFileType = wrapper.application; includeInIndex = 0; path = KZ_QRCode_iOS.app; sourceTree = BUILT_PRODUCTS_DIR; };
		AE40056120A4270F00017619 /* AppDelegate.h */ = {isa = PBXFileReference; lastKnownFileType = sourcecode.c.h; path = AppDelegate.h; sourceTree = "<group>"; };
		AE40056220A4270F00017619 /* AppDelegate.m */ = {isa = PBXFileReference; lastKnownFileType = sourcecode.c.objc; path = AppDelegate.m; sourceTree = "<group>"; };
		AE40056420A4270F00017619 /* ViewController.h */ = {isa = PBXFileReference; lastKnownFileType = sourcecode.c.h; path = ViewController.h; sourceTree = "<group>"; };
		AE40056520A4270F00017619 /* ViewController.m */ = {isa = PBXFileReference; lastKnownFileType = sourcecode.c.objc; path = ViewController.m; sourceTree = "<group>"; };
		AE40056820A4270F00017619 /* Base */ = {isa = PBXFileReference; lastKnownFileType = file.storyboard; name = Base; path = Base.lproj/Main.storyboard; sourceTree = "<group>"; };
		AE40056A20A4270F00017619 /* Assets.xcassets */ = {isa = PBXFileReference; lastKnownFileType = folder.assetcatalog; path = Assets.xcassets; sourceTree = "<group>"; };
		AE40056D20A4270F00017619 /* Base */ = {isa = PBXFileReference; lastKnownFileType = file.storyboard; name = Base; path = Base.lproj/LaunchScreen.storyboard; sourceTree = "<group>"; };
		AE40056F20A4270F00017619 /* Info.plist */ = {isa = PBXFileReference; lastKnownFileType = text.plist.xml; path = Info.plist; sourceTree = "<group>"; };
		AE40057020A4270F00017619 /* main.m */ = {isa = PBXFileReference; lastKnownFileType = sourcecode.c.objc; path = main.m; sourceTree = "<group>"; };
		AE40057A20A4277800017619 /* ImageViewController.m */ = {isa = PBXFileReference; fileEncoding = 4; lastKnownFileType = sourcecode.c.objc; path = ImageViewController.m; sourceTree = "<group>"; };
		AE40057B20A4277800017619 /* ImageViewController.h */ = {isa = PBXFileReference; fileEncoding = 4; lastKnownFileType = sourcecode.c.h; path = ImageViewController.h; sourceTree = "<group>"; };
		AE40057D20A4278500017619 /* icon40.png */ = {isa = PBXFileReference; lastKnownFileType = image.png; path = icon40.png; sourceTree = "<group>"; };
		AEF94D912176E4B30063EE69 /* KZ_QRCode_iOS.framework */ = {isa = PBXFileReference; lastKnownFileType = wrapper.framework; path = KZ_QRCode_iOS.framework; sourceTree = "<group>"; };
/* End PBXFileReference section */

/* Begin PBXFrameworksBuildPhase section */
		AE40055C20A4270E00017619 /* Frameworks */ = {
			isa = PBXFrameworksBuildPhase;
			buildActionMask = 2147483647;
			files = (
				AEF94D922176E4B30063EE69 /* KZ_QRCode_iOS.framework in Frameworks */,
			);
			runOnlyForDeploymentPostprocessing = 0;
		};
/* End PBXFrameworksBuildPhase section */

/* Begin PBXGroup section */
		AE40053920A426F400017619 = {
			isa = PBXGroup;
			children = (
				AE40056020A4270F00017619 /* KZ_QRCode_iOS */,
				AE40054320A426F400017619 /* Products */,
			);
			sourceTree = "<group>";
		};
		AE40054320A426F400017619 /* Products */ = {
			isa = PBXGroup;
			children = (
				AE40055F20A4270E00017619 /* KZ_QRCode_iOS.app */,
			);
			name = Products;
			sourceTree = "<group>";
		};
		AE40056020A4270F00017619 /* KZ_QRCode_iOS */ = {
			isa = PBXGroup;
			children = (
				AE40056120A4270F00017619 /* AppDelegate.h */,
				AE40056220A4270F00017619 /* AppDelegate.m */,
				AE40056420A4270F00017619 /* ViewController.h */,
				AE40056520A4270F00017619 /* ViewController.m */,
				AE40057B20A4277800017619 /* ImageViewController.h */,
				AE40057A20A4277800017619 /* ImageViewController.m */,
				AE40057D20A4278500017619 /* icon40.png */,
				AE40057F20A427A500017619 /* QRCode */,
				AE40056720A4270F00017619 /* Main.storyboard */,
				AE40056A20A4270F00017619 /* Assets.xcassets */,
				AE40056C20A4270F00017619 /* LaunchScreen.storyboard */,
				AE40056F20A4270F00017619 /* Info.plist */,
				AE40057020A4270F00017619 /* main.m */,
			);
			path = KZ_QRCode_iOS;
			sourceTree = "<group>";
		};
		AE40057F20A427A500017619 /* QRCode */ = {
			isa = PBXGroup;
			children = (
				AEF94D912176E4B30063EE69 /* KZ_QRCode_iOS.framework */,
			);
			path = QRCode;
			sourceTree = "<group>";
		};
/* End PBXGroup section */

/* Begin PBXNativeTarget section */
		AE40055E20A4270E00017619 /* KZ_QRCode_iOS */ = {
			isa = PBXNativeTarget;
			buildConfigurationList = AE40057220A4270F00017619 /* Build configuration list for PBXNativeTarget "KZ_QRCode_iOS" */;
			buildPhases = (
				AE40055B20A4270E00017619 /* Sources */,
				AE40055C20A4270E00017619 /* Frameworks */,
				AE40055D20A4270E00017619 /* Resources */,
			);
			buildRules = (
			);
			dependencies = (
			);
			name = KZ_QRCode_iOS;
			productName = KZ_QRCode_iOS;
			productReference = AE40055F20A4270E00017619 /* KZ_QRCode_iOS.app */;
			productType = "com.apple.product-type.application";
		};
/* End PBXNativeTarget section */

/* Begin PBXProject section */
		AE40053A20A426F400017619 /* Project object */ = {
			isa = PBXProject;
			attributes = {
				LastUpgradeCheck = 0930;
				ORGANIZATIONNAME = "Kieron Zhang";
				TargetAttributes = {
					AE40055E20A4270E00017619 = {
						CreatedOnToolsVersion = 9.3;
					};
				};
			};
			buildConfigurationList = AE40053D20A426F400017619 /* Build configuration list for PBXProject "KZ_QRCode" */;
			compatibilityVersion = "Xcode 9.3";
			developmentRegion = en;
			hasScannedForEncodings = 0;
			knownRegions = (
				en,
				Base,
			);
			mainGroup = AE40053920A426F400017619;
			productRefGroup = AE40054320A426F400017619 /* Products */;
			projectDirPath = "";
			projectRoot = "";
			targets = (
				AE40055E20A4270E00017619 /* KZ_QRCode_iOS */,
			);
		};
/* End PBXProject section */

/* Begin PBXResourcesBuildPhase section */
		AE40055D20A4270E00017619 /* Resources */ = {
			isa = PBXResourcesBuildPhase;
			buildActionMask = 2147483647;
			files = (
				AE40056E20A4270F00017619 /* LaunchScreen.storyboard in Resources */,
				AE40056B20A4270F00017619 /* Assets.xcassets in Resources */,
				AE40057E20A4278500017619 /* icon40.png in Resources */,
				AE40056920A4270F00017619 /* Main.storyboard in Resources */,
			);
			runOnlyForDeploymentPostprocessing = 0;
		};
/* End PBXResourcesBuildPhase section */

/* Begin PBXSourcesBuildPhase section */
		AE40055B20A4270E00017619 /* Sources */ = {
			isa = PBXSourcesBuildPhase;
			buildActionMask = 2147483647;
			files = (
				AE40056620A4270F00017619 /* ViewController.m in Sources */,
				AE40057120A4270F00017619 /* main.m in Sources */,
				AE40057C20A4277800017619 /* ImageViewController.m in Sources */,
				AE40056320A4270F00017619 /* AppDelegate.m in Sources */,
			);
			runOnlyForDeploymentPostprocessing = 0;
		};
/* End PBXSourcesBuildPhase section */

/* Begin PBXVariantGroup section */
		AE40056720A4270F00017619 /* Main.storyboard */ = {
			isa = PBXVariantGroup;
			children = (
				AE40056820A4270F00017619 /* Base */,
			);
			name = Main.storyboard;
			sourceTree = "<group>";
		};
		AE40056C20A4270F00017619 /* LaunchScreen.storyboard */ = {
			isa = PBXVariantGroup;
			children = (
				AE40056D20A4270F00017619 /* Base */,
			);
			name = LaunchScreen.storyboard;
			sourceTree = "<group>";
		};
/* End PBXVariantGroup section */

/* Begin XCBuildConfiguration section */
		AE40055620A426F500017619 /* Debug */ = {
			isa = XCBuildConfiguration;
			buildSettings = {
				ALWAYS_SEARCH_USER_PATHS = NO;
				CLANG_ANALYZER_NONNULL = YES;
				CLANG_ANALYZER_NUMBER_OBJECT_CONVERSION = YES_AGGRESSIVE;
				CLANG_CXX_LANGUAGE_STANDARD = "gnu++14";
				CLANG_CXX_LIBRARY = "libc++";
				CLANG_ENABLE_MODULES = YES;
				CLANG_ENABLE_OBJC_ARC = YES;
				CLANG_ENABLE_OBJC_WEAK = YES;
				CLANG_WARN_BLOCK_CAPTURE_AUTORELEASING = YES;
				CLANG_WARN_BOOL_CONVERSION = YES;
				CLANG_WARN_COMMA = YES;
				CLANG_WARN_CONSTANT_CONVERSION = YES;
				CLANG_WARN_DEPRECATED_OBJC_IMPLEMENTATIONS = YES;
				CLANG_WARN_DIRECT_OBJC_ISA_USAGE = YES_ERROR;
				CLANG_WARN_DOCUMENTATION_COMMENTS = YES;
				CLANG_WARN_EMPTY_BODY = YES;
				CLANG_WARN_ENUM_CONVERSION = YES;
				CLANG_WARN_INFINITE_RECURSION = YES;
				CLANG_WARN_INT_CONVERSION = YES;
				CLANG_WARN_NON_LITERAL_NULL_CONVERSION = YES;
				CLANG_WARN_OBJC_IMPLICIT_RETAIN_SELF = YES;
				CLANG_WARN_OBJC_LITERAL_CONVERSION = YES;
				CLANG_WARN_OBJC_ROOT_CLASS = YES_ERROR;
				CLANG_WARN_RANGE_LOOP_ANALYSIS = YES;
				CLANG_WARN_STRICT_PROTOTYPES = YES;
				CLANG_WARN_SUSPICIOUS_MOVE = YES;
				CLANG_WARN_UNGUARDED_AVAILABILITY = YES_AGGRESSIVE;
				CLANG_WARN_UNREACHABLE_CODE = YES;
				CLANG_WARN__DUPLICATE_METHOD_MATCH = YES;
				CODE_SIGN_IDENTITY = "iPhone Developer";
				COPY_PHASE_STRIP = NO;
				DEBUG_INFORMATION_FORMAT = dwarf;
				ENABLE_STRICT_OBJC_MSGSEND = YES;
				ENABLE_TESTABILITY = YES;
				GCC_C_LANGUAGE_STANDARD = gnu11;
				GCC_DYNAMIC_NO_PIC = NO;
				GCC_NO_COMMON_BLOCKS = YES;
				GCC_OPTIMIZATION_LEVEL = 0;
				GCC_PREPROCESSOR_DEFINITIONS = (
					"DEBUG=1",
					"$(inherited)",
				);
				GCC_WARN_64_TO_32_BIT_CONVERSION = YES;
				GCC_WARN_ABOUT_RETURN_TYPE = YES_ERROR;
				GCC_WARN_UNDECLARED_SELECTOR = YES;
				GCC_WARN_UNINITIALIZED_AUTOS = YES_AGGRESSIVE;
				GCC_WARN_UNUSED_FUNCTION = YES;
				GCC_WARN_UNUSED_VARIABLE = YES;
				IPHONEOS_DEPLOYMENT_TARGET = 8.0;
				MTL_ENABLE_DEBUG_INFO = YES;
				ONLY_ACTIVE_ARCH = YES;
				SDKROOT = iphoneos;
			};
			name = Debug;
		};
		AE40055720A426F500017619 /* Release */ = {
			isa = XCBuildConfiguration;
			buildSettings = {
				ALWAYS_SEARCH_USER_PATHS = NO;
				CLANG_ANALYZER_NONNULL = YES;
				CLANG_ANALYZER_NUMBER_OBJECT_CONVERSION = YES_AGGRESSIVE;
				CLANG_CXX_LANGUAGE_STANDARD = "gnu++14";
				CLANG_CXX_LIBRARY = "libc++";
				CLANG_ENABLE_MODULES = YES;
				CLANG_ENABLE_OBJC_ARC = YES;
				CLANG_ENABLE_OBJC_WEAK = YES;
				CLANG_WARN_BLOCK_CAPTURE_AUTORELEASING = YES;
				CLANG_WARN_BOOL_CONVERSION = YES;
				CLANG_WARN_COMMA = YES;
				CLANG_WARN_CONSTANT_CONVERSION = YES;
				CLANG_WARN_DEPRECATED_OBJC_IMPLEMENTATIONS = YES;
				CLANG_WARN_DIRECT_OBJC_ISA_USAGE = YES_ERROR;
				CLANG_WARN_DOCUMENTATION_COMMENTS = YES;
				CLANG_WARN_EMPTY_BODY = YES;
				CLANG_WARN_ENUM_CONVERSION = YES;
				CLANG_WARN_INFINITE_RECURSION = YES;
				CLANG_WARN_INT_CONVERSION = YES;
				CLANG_WARN_NON_LITERAL_NULL_CONVERSION = YES;
				CLANG_WARN_OBJC_IMPLICIT_RETAIN_SELF = YES;
				CLANG_WARN_OBJC_LITERAL_CONVERSION = YES;
				CLANG_WARN_OBJC_ROOT_CLASS = YES_ERROR;
				CLANG_WARN_RANGE_LOOP_ANALYSIS = YES;
				CLANG_WARN_STRICT_PROTOTYPES = YES;
				CLANG_WARN_SUSPICIOUS_MOVE = YES;
				CLANG_WARN_UNGUARDED_AVAILABILITY = YES_AGGRESSIVE;
				CLANG_WARN_UNREACHABLE_CODE = YES;
				CLANG_WARN__DUPLICATE_METHOD_MATCH = YES;
				CODE_SIGN_IDENTITY = "iPhone Developer";
				COPY_PHASE_STRIP = NO;
				DEBUG_INFORMATION_FORMAT = "dwarf-with-dsym";
				ENABLE_NS_ASSERTIONS = NO;
				ENABLE_STRICT_OBJC_MSGSEND = YES;
				GCC_C_LANGUAGE_STANDARD = gnu11;
				GCC_NO_COMMON_BLOCKS = YES;
				GCC_WARN_64_TO_32_BIT_CONVERSION = YES;
				GCC_WARN_ABOUT_RETURN_TYPE = YES_ERROR;
				GCC_WARN_UNDECLARED_SELECTOR = YES;
				GCC_WARN_UNINITIALIZED_AUTOS = YES_AGGRESSIVE;
				GCC_WARN_UNUSED_FUNCTION = YES;
				GCC_WARN_UNUSED_VARIABLE = YES;
				IPHONEOS_DEPLOYMENT_TARGET = 8.0;
				MTL_ENABLE_DEBUG_INFO = NO;
				SDKROOT = iphoneos;
				VALIDATE_PRODUCT = YES;
			};
			name = Release;
		};
		AE40057320A4270F00017619 /* Debug */ = {
			isa = XCBuildConfiguration;
			buildSettings = {
				ASSETCATALOG_COMPILER_APPICON_NAME = AppIcon;
				ASSETCATALOG_COMPILER_LAUNCHIMAGE_NAME = LaunchImage;
				CODE_SIGN_STYLE = Automatic;
				DEVELOPMENT_TEAM = TGTFTDLM8G;
				FRAMEWORK_SEARCH_PATHS = (
					"$(inherited)",
					"$(PROJECT_DIR)/KZ_QRCode_iOS/QRCode",
				);
				INFOPLIST_FILE = KZ_QRCode_iOS/Info.plist;
				IPHONEOS_DEPLOYMENT_TARGET = 8.0;
				LD_RUNPATH_SEARCH_PATHS = (
					"$(inherited)",
					"@executable_path/Frameworks",
				);
				OTHER_LDFLAGS = "-ObjC";
				PRODUCT_BUNDLE_IDENTIFIER = com.kieronzhang.QRCode;
				PRODUCT_NAME = "$(TARGET_NAME)";
				TARGETED_DEVICE_FAMILY = 1;
			};
			name = Debug;
		};
		AE40057420A4270F00017619 /* Release */ = {
			isa = XCBuildConfiguration;
			buildSettings = {
				ASSETCATALOG_COMPILER_APPICON_NAME = AppIcon;
				ASSETCATALOG_COMPILER_LAUNCHIMAGE_NAME = LaunchImage;
				CODE_SIGN_STYLE = Automatic;
				DEVELOPMENT_TEAM = TGTFTDLM8G;
				FRAMEWORK_SEARCH_PATHS = (
					"$(inherited)",
					"$(PROJECT_DIR)/KZ_QRCode_iOS/QRCode",
				);
				INFOPLIST_FILE = KZ_QRCode_iOS/Info.plist;
				IPHONEOS_DEPLOYMENT_TARGET = 8.0;
				LD_RUNPATH_SEARCH_PATHS = (
					"$(inherited)",
					"@executable_path/Frameworks",
				);
				OTHER_LDFLAGS = "-ObjC";
				PRODUCT_BUNDLE_IDENTIFIER = com.kieronzhang.QRCode;
				PRODUCT_NAME = "$(TARGET_NAME)";
				TARGETED_DEVICE_FAMILY = 1;
			};
			name = Release;
		};
/* End XCBuildConfiguration section */

/* Begin XCConfigurationList section */
		AE40053D20A426F400017619 /* Build configuration list for PBXProject "KZ_QRCode" */ = {
			isa = XCConfigurationList;
			buildConfigurations = (
				AE40055620A426F500017619 /* Debug */,
				AE40055720A426F500017619 /* Release */,
			);
			defaultConfigurationIsVisible = 0;
			defaultConfigurationName = Release;
		};
		AE40057220A4270F00017619 /* Build configuration list for PBXNativeTarget "KZ_QRCode_iOS" */ = {
			isa = XCConfigurationList;
			buildConfigurations = (
				AE40057320A4270F00017619 /* Debug */,
				AE40057420A4270F00017619 /* Release */,
			);
			defaultConfigurationIsVisible = 0;
			defaultConfigurationName = Release;
		};
/* End XCConfigurationList section */
	};
	rootObject = AE40053A20A426F400017619 /* Project object */;
}
